
Microsoft Visual Studio Solution File, Format Version 12.00
# Visual Studio 15
VisualStudioVersion = 15.0.27004.2008
MinimumVisualStudioVersion = 10.0.40219.1
Project("{FAE04EC0-301F-11D3-BF4B-00C04F79EFBC}") = "AnyQ.Queues.Msmq", "AnyQ.Queues.Msmq\AnyQ.Queues.Msmq.csproj", "{68B79E42-499D-4BBD-95E7-627D85F32582}"
EndProject
Global
	GlobalSection(SolutionConfigurationPlatforms) = preSolution
		Debug|Any CPU = Debug|Any CPU
		Release|Any CPU = Release|Any CPU
	EndGlobalSection
	GlobalSection(ProjectConfigurationPlatforms) = postSolution
		{68B79E42-499D-4BBD-95E7-627D85F32582}.Debug|Any CPU.ActiveCfg = Debug|Any CPU
		{68B79E42-499D-4BBD-95E7-627D85F32582}.Debug|Any CPU.Build.0 = Debug|Any CPU
		{68B79E42-499D-4BBD-95E7-627D85F32582}.Release|Any CPU.ActiveCfg = Release|Any CPU
		{68B79E42-499D-4BBD-95E7-627D85F32582}.Release|Any CPU.Build.0 = Release|Any CPU
	EndGlobalSection
	GlobalSection(SolutionProperties) = preSolution
		HideSolutionNode = FALSE
	EndGlobalSection
	GlobalSection(ExtensibilityGlobals) = postSolution
		SolutionGuid = {3FCCB1A2-D129-44C8-82A1-2DCADF2D7586}
	EndGlobalSection
EndGlobal
